Microsoft Visual Studio Solution File, Format Version 11.00
# Visual Studio 2008

Project("{95331A45-91DD-90F3-C583-1FEF9500705F}") = "bladerunner", "Assembly-CSharp-vs.csproj", "{9F2A6AB7-BFAD-3D74-74EA-DE7DA902F88E}"
EndProject
Global
	GlobalSection(SolutionConfigurationPlatforms) = preSolution
		Debug|Any CPU = Debug|Any CPU
		Release|Any CPU = Release|Any CPU
	EndGlobalSection
	GlobalSection(ProjectConfigurationPlatforms) = postSolution
		{9F2A6AB7-BFAD-3D74-74EA-DE7DA902F88E}.Debug|Any CPU.ActiveCfg = Debug|Any CPU
		{9F2A6AB7-BFAD-3D74-74EA-DE7DA902F88E}.Debug|Any CPU.Build.0 = Debug|Any CPU
		{9F2A6AB7-BFAD-3D74-74EA-DE7DA902F88E}.Release|Any CPU.ActiveCfg = Release|Any CPU
		{9F2A6AB7-BFAD-3D74-74EA-DE7DA902F88E}.Release|Any CPU.Build.0 = Release|Any CPU
	EndGlobalSection
	GlobalSection(SolutionProperties) = preSolution
		HideSolutionNode = FALSE
	EndGlobalSection
																				GlobalSection(MonoDevelopProperties) = preSolution
		StartupItem = Assembly-CSharp.csproj
		Policies = $0
		$0.TextStylePolicy = $1
		$1.inheritsSet = null
		$1.scope = text/x-csharp
		$0.CSharpFormattingPolicy = $2
		$2.inheritsSet = Mono
		$2.inheritsScope = text/x-csharp
		$2.scope = text/x-csharp
		$0.TextStylePolicy = $3
		$3.FileWidth = 120
		$3.EolMarker = Unix
		$3.inheritsSet = VisualStudio
		$3.inheritsScope = text/plain
		$3.scope = text/plain
		$0.StandardHeader = $4
		$4.Text = 
		$4.IncludeInNewFiles = True
	EndGlobalSection

EndGlobal
